
Microsoft Visual Studio Solution File, Format Version 12.00
Project("{FAE04EC0-301F-11D3-BF4B-00C04F79EFBC}") = "Hello 1", "Hello 1\Hello 1.csproj", "{E0FE53C4-FC55-470B-BF8E-CD8FE6A83166}"
EndProject
Project("{FAE04EC0-301F-11D3-BF4B-00C04F79EFBC}") = "Hello 2", "Hello 2\Hello 2.csproj", "{29761645-4918-4C03-9F71-45E6E59668B2}"
EndProject
Project("{FAE04EC0-301F-11D3-BF4B-00C04F79EFBC}") = "Hello 3", "Hello 3\Hello 3.csproj", "{00FC5A5D-2070-4744-A716-D19D360379D2}"
EndProject
Project("{FAE04EC0-301F-11D3-BF4B-00C04F79EFBC}") = "Hello 4", "Hello 4\Hello 4.csproj", "{D4A0D122-10C8-4462-88D6-02F0B2A4552F}"
EndProject
Global
	GlobalSection(SolutionConfigurationPlatforms) = preSolution
		Debug|Any CPU = Debug|Any CPU
		Release|Any CPU = Release|Any CPU
	EndGlobalSection
	GlobalSection(ProjectConfigurationPlatforms) = postSolution
		{E0FE53C4-FC55-470B-BF8E-CD8FE6A83166}.Debug|Any CPU.ActiveCfg = Debug|Any CPU
		{E0FE53C4-FC55-470B-BF8E-CD8FE6A83166}.Debug|Any CPU.Build.0 = Debug|Any CPU
		{E0FE53C4-FC55-470B-BF8E-CD8FE6A83166}.Release|Any CPU.ActiveCfg = Release|Any CPU
		{E0FE53C4-FC55-470B-BF8E-CD8FE6A83166}.Release|Any CPU.Build.0 = Release|Any CPU
		{29761645-4918-4C03-9F71-45E6E59668B2}.Debug|Any CPU.ActiveCfg = Debug|Any CPU
		{29761645-4918-4C03-9F71-45E6E59668B2}.Debug|Any CPU.Build.0 = Debug|Any CPU
		{29761645-4918-4C03-9F71-45E6E59668B2}.Release|Any CPU.ActiveCfg = Release|Any CPU
		{29761645-4918-4C03-9F71-45E6E59668B2}.Release|Any CPU.Build.0 = Release|Any CPU
		{00FC5A5D-2070-4744-A716-D19D360379D2}.Debug|Any CPU.ActiveCfg = Debug|Any CPU
		{00FC5A5D-2070-4744-A716-D19D360379D2}.Debug|Any CPU.Build.0 = Debug|Any CPU
		{00FC5A5D-2070-4744-A716-D19D360379D2}.Release|Any CPU.ActiveCfg = Release|Any CPU
		{00FC5A5D-2070-4744-A716-D19D360379D2}.Release|Any CPU.Build.0 = Release|Any CPU
		{D4A0D122-10C8-4462-88D6-02F0B2A4552F}.Debug|Any CPU.ActiveCfg = Debug|Any CPU
		{D4A0D122-10C8-4462-88D6-02F0B2A4552F}.Debug|Any CPU.Build.0 = Debug|Any CPU
		{D4A0D122-10C8-4462-88D6-02F0B2A4552F}.Release|Any CPU.ActiveCfg = Release|Any CPU
		{D4A0D122-10C8-4462-88D6-02F0B2A4552F}.Release|Any CPU.Build.0 = Release|Any CPU
	EndGlobalSection
EndGlobal
